
Microsoft Visual Studio Solution File, Format Version 12.00
# Visual Studio Version 16
VisualStudioVersion = 16.0.30225.117
MinimumVisualStudioVersion = 10.0.40219.1
Project("{FAE04EC0-301F-11D3-BF4B-00C04F79EFBC}") = "SECCION_5", "SECCION_5.csproj", "{93276250-B6F5-4323-B6EA-3930DE4D2443}"
EndProject
Global
	GlobalSection(SolutionConfigurationPlatforms) = preSolution
		Debug|Any CPU = Debug|Any CPU
		Release|Any CPU = Release|Any CPU
	EndGlobalSection
	GlobalSection(ProjectConfigurationPlatforms) = postSolution
		{93276250-B6F5-4323-B6EA-3930DE4D2443}.Debug|Any CPU.ActiveCfg = Debug|Any CPU
		{93276250-B6F5-4323-B6EA-3930DE4D2443}.Debug|Any CPU.Build.0 = Debug|Any CPU
		{93276250-B6F5-4323-B6EA-3930DE4D2443}.Release|Any CPU.ActiveCfg = Release|Any CPU
		{93276250-B6F5-4323-B6EA-3930DE4D2443}.Release|Any CPU.Build.0 = Release|Any CPU
	EndGlobalSection
	GlobalSection(SolutionProperties) = preSolution
		HideSolutionNode = FALSE
	EndGlobalSection
	GlobalSection(ExtensibilityGlobals) = postSolution
		SolutionGuid = {57705B1F-A516-4BD4-8CB7-95655FF37139}
	EndGlobalSection
EndGlobal
