
Microsoft Visual Studio Solution File, Format Version 12.00
# Visual Studio Version 16
VisualStudioVersion = 16.0.30225.117
MinimumVisualStudioVersion = 10.0.40219.1
Project("{FAE04EC0-301F-11D3-BF4B-00C04F79EFBC}") = "SECCION4", "SECCION4.csproj", "{649C3A12-F987-4E68-B66F-EF87B53948A8}"
EndProject
Project("{FAE04EC0-301F-11D3-BF4B-00C04F79EFBC}") = "CONECTIONSQL", "..\CONECTIONSQL\CONECTIONSQL.csproj", "{17A0D0F6-4D68-470F-AD9C-13E993F1427D}"
EndProject
Global
	GlobalSection(SolutionConfigurationPlatforms) = preSolution
		Debug|Any CPU = Debug|Any CPU
		Release|Any CPU = Release|Any CPU
	EndGlobalSection
	GlobalSection(ProjectConfigurationPlatforms) = postSolution
		{649C3A12-F987-4E68-B66F-EF87B53948A8}.Debug|Any CPU.ActiveCfg = Debug|Any CPU
		{649C3A12-F987-4E68-B66F-EF87B53948A8}.Debug|Any CPU.Build.0 = Debug|Any CPU
		{649C3A12-F987-4E68-B66F-EF87B53948A8}.Release|Any CPU.ActiveCfg = Release|Any CPU
		{649C3A12-F987-4E68-B66F-EF87B53948A8}.Release|Any CPU.Build.0 = Release|Any CPU
		{17A0D0F6-4D68-470F-AD9C-13E993F1427D}.Debug|Any CPU.ActiveCfg = Debug|Any CPU
		{17A0D0F6-4D68-470F-AD9C-13E993F1427D}.Debug|Any CPU.Build.0 = Debug|Any CPU
		{17A0D0F6-4D68-470F-AD9C-13E993F1427D}.Release|Any CPU.ActiveCfg = Release|Any CPU
		{17A0D0F6-4D68-470F-AD9C-13E993F1427D}.Release|Any CPU.Build.0 = Release|Any CPU
	EndGlobalSection
	GlobalSection(SolutionProperties) = preSolution
		HideSolutionNode = FALSE
	EndGlobalSection
	GlobalSection(ExtensibilityGlobals) = postSolution
		SolutionGuid = {12AFAE9A-00CF-4961-9CF0-03A20F55EF2C}
	EndGlobalSection
EndGlobal
